// !$*UTF8*$!
{
	archiveVersion = 1;
	classes = {
	};
	objectVersion = 48;
	objects = {

/* Begin PBXBuildFile section */
		598B65F01FED5EBF0095A962 /* AppDelegate.swift in Sources */ = {isa = PBXBuildFile; fileRef = 598B65EF1FED5EBF0095A962 /* AppDelegate.swift */; };
		598B65F21FED5EBF0095A962 /* ViewController.swift in Sources */ = {isa = PBXBuildFile; fileRef = 598B65F11FED5EBF0095A962 /* ViewController.swift */; };
		598B65F51FED5EBF0095A962 /* Main.storyboard in Resources */ = {isa = PBXBuildFile; fileRef = 598B65F31FED5EBF0095A962 /* Main.storyboard */; };
		598B65F71FED5EBF0095A962 /* Assets.xcassets in Resources */ = {isa = PBXBuildFile; fileRef = 598B65F61FED5EBF0095A962 /* Assets.xcassets */; };
		598B65FA1FED5EBF0095A962 /* LaunchScreen.storyboard in Resources */ = {isa = PBXBuildFile; fileRef = 598B65F81FED5EBF0095A962 /* LaunchScreen.storyboard */; };
		598B66041FED5F3B0095A962 /* JGCGrowingTextView.swift in Sources */ = {isa = PBXBuildFile; fileRef = 598B66021FED5F3B0095A962 /* JGCGrowingTextView.swift */; };
		598B66051FED5F3B0095A962 /* JGCGrowingTextView.xib in Resources */ = {isa = PBXBuildFile; fileRef = 598B66031FED5F3B0095A962 /* JGCGrowingTextView.xib */; };
		598B66071FED93640095A962 /* UIView+Extension.swift in Sources */ = {isa = PBXBuildFile; fileRef = 598B66061FED93640095A962 /* UIView+Extension.swift */; };
/* End PBXBuildFile section */

/* Begin PBXFileReference section */
		598B65EC1FED5EBF0095A962 /* JGCGrowingTextViewDemo.app */ = {isa = PBXFileReference; explicitFileType = wrapper.application; includeInIndex = 0; path = JGCGrowingTextViewDemo.app; sourceTree = BUILT_PRODUCTS_DIR; };
		598B65EF1FED5EBF0095A962 /* AppDelegate.swift */ = {isa = PBXFileReference; lastKnownFileType = sourcecode.swift; path = AppDelegate.swift; sourceTree = "<group>"; };
		598B65F11FED5EBF0095A962 /* ViewController.swift */ = {isa = PBXFileReference; lastKnownFileType = sourcecode.swift; path = ViewController.swift; sourceTree = "<group>"; };
		598B65F41FED5EBF0095A962 /* Base */ = {isa = PBXFileReference; lastKnownFileType = file.storyboard; name = Base; path = Base.lproj/Main.storyboard; sourceTree = "<group>"; };
		598B65F61FED5EBF0095A962 /* Assets.xcassets */ = {isa = PBXFileReference; lastKnownFileType = folder.assetcatalog; path = Assets.xcassets; sourceTree = "<group>"; };
		598B65F91FED5EBF0095A962 /* Base */ = {isa = PBXFileReference; lastKnownFileType = file.storyboard; name = Base; path = Base.lproj/LaunchScreen.storyboard; sourceTree = "<group>"; };
		598B65FB1FED5EBF0095A962 /* Info.plist */ = {isa = PBXFileReference; lastKnownFileType = text.plist.xml; path = Info.plist; sourceTree = "<group>"; };
		598B66021FED5F3B0095A962 /* JGCGrowingTextView.swift */ = {isa = PBXFileReference; lastKnownFileType = sourcecode.swift; path = JGCGrowingTextView.swift; sourceTree = "<group>"; };
		598B66031FED5F3B0095A962 /* JGCGrowingTextView.xib */ = {isa = PBXFileReference; lastKnownFileType = file.xib; path = JGCGrowingTextView.xib; sourceTree = "<group>"; };
		598B66061FED93640095A962 /* UIView+Extension.swift */ = {isa = PBXFileReference; lastKnownFileType = sourcecode.swift; path = "UIView+Extension.swift"; sourceTree = "<group>"; };
/* End PBXFileReference section */

/* Begin PBXFrameworksBuildPhase section */
		598B65E91FED5EBF0095A962 /* Frameworks */ = {
			isa = PBXFrameworksBuildPhase;
			buildActionMask = 2147483647;
			files = (
			);
			runOnlyForDeploymentPostprocessing = 0;
		};
/* End PBXFrameworksBuildPhase section */

/* Begin PBXGroup section */
		598B65E31FED5EBF0095A962 = {
			isa = PBXGroup;
			children = (
				598B65EE1FED5EBF0095A962 /* JGCGrowingTextViewDemo */,
				598B65ED1FED5EBF0095A962 /* Products */,
			);
			sourceTree = "<group>";
		};
		598B65ED1FED5EBF0095A962 /* Products */ = {
			isa = PBXGroup;
			children = (
				598B65EC1FED5EBF0095A962 /* JGCGrowingTextViewDemo.app */,
			);
			name = Products;
			sourceTree = "<group>";
		};
		598B65EE1FED5EBF0095A962 /* JGCGrowingTextViewDemo */ = {
			isa = PBXGroup;
			children = (
				598B66011FED5EDB0095A962 /* JGCGrowingTextView */,
				598B65EF1FED5EBF0095A962 /* AppDelegate.swift */,
				598B65F11FED5EBF0095A962 /* ViewController.swift */,
				598B65F31FED5EBF0095A962 /* Main.storyboard */,
				598B65F61FED5EBF0095A962 /* Assets.xcassets */,
				598B65F81FED5EBF0095A962 /* LaunchScreen.storyboard */,
				598B65FB1FED5EBF0095A962 /* Info.plist */,
				598B66061FED93640095A962 /* UIView+Extension.swift */,
			);
			path = JGCGrowingTextViewDemo;
			sourceTree = "<group>";
		};
		598B66011FED5EDB0095A962 /* JGCGrowingTextView */ = {
			isa = PBXGroup;
			children = (
				598B66021FED5F3B0095A962 /* JGCGrowingTextView.swift */,
				598B66031FED5F3B0095A962 /* JGCGrowingTextView.xib */,
			);
			path = JGCGrowingTextView;
			sourceTree = "<group>";
		};
/* End PBXGroup section */

/* Begin PBXNativeTarget section */
		598B65EB1FED5EBF0095A962 /* JGCGrowingTextViewDemo */ = {
			isa = PBXNativeTarget;
			buildConfigurationList = 598B65FE1FED5EBF0095A962 /* Build configuration list for PBXNativeTarget "JGCGrowingTextViewDemo" */;
			buildPhases = (
				598B65E81FED5EBF0095A962 /* Sources */,
				598B65E91FED5EBF0095A962 /* Frameworks */,
				598B65EA1FED5EBF0095A962 /* Resources */,
			);
			buildRules = (
			);
			dependencies = (
			);
			name = JGCGrowingTextViewDemo;
			productName = JGCGrowingTextViewDemo;
			productReference = 598B65EC1FED5EBF0095A962 /* JGCGrowingTextViewDemo.app */;
			productType = "com.apple.product-type.application";
		};
/* End PBXNativeTarget section */

/* Begin PBXProject section */
		598B65E41FED5EBF0095A962 /* Project object */ = {
			isa = PBXProject;
			attributes = {
				LastSwiftUpdateCheck = 0920;
				LastUpgradeCheck = 0920;
				ORGANIZATIONNAME = "Javier Garcia Castro";
				TargetAttributes = {
					598B65EB1FED5EBF0095A962 = {
						CreatedOnToolsVersion = 9.2;
						ProvisioningStyle = Automatic;
					};
				};
			};
			buildConfigurationList = 598B65E71FED5EBF0095A962 /* Build configuration list for PBXProject "JGCGrowingTextViewDemo" */;
			compatibilityVersion = "Xcode 8.0";
			developmentRegion = en;
			hasScannedForEncodings = 0;
			knownRegions = (
				en,
				Base,
			);
			mainGroup = 598B65E31FED5EBF0095A962;
			productRefGroup = 598B65ED1FED5EBF0095A962 /* Products */;
			projectDirPath = "";
			projectRoot = "";
			targets = (
				598B65EB1FED5EBF0095A962 /* JGCGrowingTextViewDemo */,
			);
		};
/* End PBXProject section */

/* Begin PBXResourcesBuildPhase section */
		598B65EA1FED5EBF0095A962 /* Resources */ = {
			isa = PBXResourcesBuildPhase;
			buildActionMask = 2147483647;
			files = (
				598B66051FED5F3B0095A962 /* JGCGrowingTextView.xib in Resources */,
				598B65FA1FED5EBF0095A962 /* LaunchScreen.storyboard in Resources */,
				598B65F71FED5EBF0095A962 /* Assets.xcassets in Resources */,
				598B65F51FED5EBF0095A962 /* Main.storyboard in Resources */,
			);
			runOnlyForDeploymentPostprocessing = 0;
		};
/* End PBXResourcesBuildPhase section */

/* Begin PBXSourcesBuildPhase section */
		598B65E81FED5EBF0095A962 /* Sources */ = {
			isa = PBXSourcesBuildPhase;
			buildActionMask = 2147483647;
			files = (
				598B66041FED5F3B0095A962 /* JGCGrowingTextView.swift in Sources */,
				598B65F21FED5EBF0095A962 /* ViewController.swift in Sources */,
				598B66071FED93640095A962 /* UIView+Extension.swift in Sources */,
				598B65F01FED5EBF0095A962 /* AppDelegate.swift in Sources */,
			);
			runOnlyForDeploymentPostprocessing = 0;
		};
/* End PBXSourcesBuildPhase section */

/* Begin PBXVariantGroup section */
		598B65F31FED5EBF0095A962 /* Main.storyboard */ = {
			isa = PBXVariantGroup;
			children = (
				598B65F41FED5EBF0095A962 /* Base */,
			);
			name = Main.storyboard;
			sourceTree = "<group>";
		};
		598B65F81FED5EBF0095A962 /* LaunchScreen.storyboard */ = {
			isa = PBXVariantGroup;
			children = (
				598B65F91FED5EBF0095A962 /* Base */,
			);
			name = LaunchScreen.storyboard;
			sourceTree = "<group>";
		};
/* End PBXVariantGroup section */

/* Begin XCBuildConfiguration section */
		598B65FC1FED5EBF0095A962 /* Debug */ = {
			isa = XCBuildConfiguration;
			buildSettings = {
				ALWAYS_SEARCH_USER_PATHS = NO;
				CLANG_ANALYZER_NONNULL = YES;
				CLANG_ANALYZER_NUMBER_OBJECT_CONVERSION = YES_AGGRESSIVE;
				CLANG_CXX_LANGUAGE_STANDARD = "gnu++14";
				CLANG_CXX_LIBRARY = "libc++";
				CLANG_ENABLE_MODULES = YES;
				CLANG_ENABLE_OBJC_ARC = YES;
				CLANG_WARN_BLOCK_CAPTURE_AUTORELEASING = YES;
				CLANG_WARN_BOOL_CONVERSION = YES;
				CLANG_WARN_COMMA = YES;
				CLANG_WARN_CONSTANT_CONVERSION = YES;
				CLANG_WARN_DIRECT_OBJC_ISA_USAGE = YES_ERROR;
				CLANG_WARN_DOCUMENTATION_COMMENTS = YES;
				CLANG_WARN_EMPTY_BODY = YES;
				CLANG_WARN_ENUM_CONVERSION = YES;
				CLANG_WARN_INFINITE_RECURSION = YES;
				CLANG_WARN_INT_CONVERSION = YES;
				CLANG_WARN_NON_LITERAL_NULL_CONVERSION = YES;
				CLANG_WARN_OBJC_LITERAL_CONVERSION = YES;
				CLANG_WARN_OBJC_ROOT_CLASS = YES_ERROR;
				CLANG_WARN_RANGE_LOOP_ANALYSIS = YES;
				CLANG_WARN_STRICT_PROTOTYPES = YES;
				CLANG_WARN_SUSPICIOUS_MOVE = YES;
				CLANG_WARN_UNGUARDED_AVAILABILITY = YES_AGGRESSIVE;
				CLANG_WARN_UNREACHABLE_CODE = YES;
				CLANG_WARN__DUPLICATE_METHOD_MATCH = YES;
				CODE_SIGN_IDENTITY = "iPhone Developer";
				COPY_PHASE_STRIP = NO;
				DEBUG_INFORMATION_FORMAT = dwarf;
				ENABLE_STRICT_OBJC_MSGSEND = YES;
				ENABLE_TESTABILITY = YES;
				GCC_C_LANGUAGE_STANDARD = gnu11;
				GCC_DYNAMIC_NO_PIC = NO;
				GCC_NO_COMMON_BLOCKS = YES;
				GCC_OPTIMIZATION_LEVEL = 0;
				GCC_PREPROCESSOR_DEFINITIONS = (
					"DEBUG=1",
					"$(inherited)",
				);
				GCC_WARN_64_TO_32_BIT_CONVERSION = YES;
				GCC_WARN_ABOUT_RETURN_TYPE = YES_ERROR;
				GCC_WARN_UNDECLARED_SELECTOR = YES;
				GCC_WARN_UNINITIALIZED_AUTOS = YES_AGGRESSIVE;
				GCC_WARN_UNUSED_FUNCTION = YES;
				GCC_WARN_UNUSED_VARIABLE = YES;
				IPHONEOS_DEPLOYMENT_TARGET = 11.2;
				MTL_ENABLE_DEBUG_INFO = YES;
				ONLY_ACTIVE_ARCH = YES;
				SDKROOT = iphoneos;
				SWIFT_ACTIVE_COMPILATION_CONDITIONS = DEBUG;
				SWIFT_OPTIMIZATION_LEVEL = "-Onone";
			};
			name = Debug;
		};
		598B65FD1FED5EBF0095A962 /* Release */ = {
			isa = XCBuildConfiguration;
			buildSettings = {
				ALWAYS_SEARCH_USER_PATHS = NO;
				CLANG_ANALYZER_NONNULL = YES;
				CLANG_ANALYZER_NUMBER_OBJECT_CONVERSION = YES_AGGRESSIVE;
				CLANG_CXX_LANGUAGE_STANDARD = "gnu++14";
				CLANG_CXX_LIBRARY = "libc++";
				CLANG_ENABLE_MODULES = YES;
				CLANG_ENABLE_OBJC_ARC = YES;
				CLANG_WARN_BLOCK_CAPTURE_AUTORELEASING = YES;
				CLANG_WARN_BOOL_CONVERSION = YES;
				CLANG_WARN_COMMA = YES;
				CLANG_WARN_CONSTANT_CONVERSION = YES;
				CLANG_WARN_DIRECT_OBJC_ISA_USAGE = YES_ERROR;
				CLANG_WARN_DOCUMENTATION_COMMENTS = YES;
				CLANG_WARN_EMPTY_BODY = YES;
				CLANG_WARN_ENUM_CONVERSION = YES;
				CLANG_WARN_INFINITE_RECURSION = YES;
				CLANG_WARN_INT_CONVERSION = YES;
				CLANG_WARN_NON_LITERAL_NULL_CONVERSION = YES;
				CLANG_WARN_OBJC_LITERAL_CONVERSION = YES;
				CLANG_WARN_OBJC_ROOT_CLASS = YES_ERROR;
				CLANG_WARN_RANGE_LOOP_ANALYSIS = YES;
				CLANG_WARN_STRICT_PROTOTYPES = YES;
				CLANG_WARN_SUSPICIOUS_MOVE = YES;
				CLANG_WARN_UNGUARDED_AVAILABILITY = YES_AGGRESSIVE;
				CLANG_WARN_UNREACHABLE_CODE = YES;
				CLANG_WARN__DUPLICATE_METHOD_MATCH = YES;
				CODE_SIGN_IDENTITY = "iPhone Developer";
				COPY_PHASE_STRIP = NO;
				DEBUG_INFORMATION_FORMAT = "dwarf-with-dsym";
				ENABLE_NS_ASSERTIONS = NO;
				ENABLE_STRICT_OBJC_MSGSEND = YES;
				GCC_C_LANGUAGE_STANDARD = gnu11;
				GCC_NO_COMMON_BLOCKS = YES;
				GCC_WARN_64_TO_32_BIT_CONVERSION = YES;
				GCC_WARN_ABOUT_RETURN_TYPE = YES_ERROR;
				GCC_WARN_UNDECLARED_SELECTOR = YES;
				GCC_WARN_UNINITIALIZED_AUTOS = YES_AGGRESSIVE;
				GCC_WARN_UNUSED_FUNCTION = YES;
				GCC_WARN_UNUSED_VARIABLE = YES;
				IPHONEOS_DEPLOYMENT_TARGET = 11.2;
				MTL_ENABLE_DEBUG_INFO = NO;
				SDKROOT = iphoneos;
				SWIFT_OPTIMIZATION_LEVEL = "-Owholemodule";
				VALIDATE_PRODUCT = YES;
			};
			name = Release;
		};
		598B65FF1FED5EBF0095A962 /* Debug */ = {
			isa = XCBuildConfiguration;
			buildSettings = {
				ASSETCATALOG_COMPILER_APPICON_NAME = AppIcon;
				CODE_SIGN_STYLE = Automatic;
				DEVELOPMENT_TEAM = 8LR35SS5W3;
				INFOPLIST_FILE = JGCGrowingTextViewDemo/Info.plist;
				LD_RUNPATH_SEARCH_PATHS = "$(inherited) @executable_path/Frameworks";
				PRODUCT_BUNDLE_IDENTIFIER = com.JGC.JGCGrowingTextViewDemo;
				PRODUCT_NAME = "$(TARGET_NAME)";
				SWIFT_VERSION = 4.0;
				TARGETED_DEVICE_FAMILY = "1,2";
			};
			name = Debug;
		};
		598B66001FED5EBF0095A962 /* Release */ = {
			isa = XCBuildConfiguration;
			buildSettings = {
				ASSETCATALOG_COMPILER_APPICON_NAME = AppIcon;
				CODE_SIGN_STYLE = Automatic;
				DEVELOPMENT_TEAM = 8LR35SS5W3;
				INFOPLIST_FILE = JGCGrowingTextViewDemo/Info.plist;
				LD_RUNPATH_SEARCH_PATHS = "$(inherited) @executable_path/Frameworks";
				PRODUCT_BUNDLE_IDENTIFIER = com.JGC.JGCGrowingTextViewDemo;
				PRODUCT_NAME = "$(TARGET_NAME)";
				SWIFT_VERSION = 4.0;
				TARGETED_DEVICE_FAMILY = "1,2";
			};
			name = Release;
		};
/* End XCBuildConfiguration section */

/* Begin XCConfigurationList section */
		598B65E71FED5EBF0095A962 /* Build configuration list for PBXProject "JGCGrowingTextViewDemo" */ = {
			isa = XCConfigurationList;
			buildConfigurations = (
				598B65FC1FED5EBF0095A962 /* Debug */,
				598B65FD1FED5EBF0095A962 /* Release */,
			);
			defaultConfigurationIsVisible = 0;
			defaultConfigurationName = Release;
		};
		598B65FE1FED5EBF0095A962 /* Build configuration list for PBXNativeTarget "JGCGrowingTextViewDemo" */ = {
			isa = XCConfigurationList;
			buildConfigurations = (
				598B65FF1FED5EBF0095A962 /* Debug */,
				598B66001FED5EBF0095A962 /* Release */,
			);
			defaultConfigurationIsVisible = 0;
			defaultConfigurationName = Release;
		};
/* End XCConfigurationList section */
	};
	rootObject = 598B65E41FED5EBF0095A962 /* Project object */;
}
